// !$*UTF8*$!
{
	archiveVersion = 1;
	classes = {
	};
	objectVersion = 46;
	objects = {

/* Begin PBXBuildFile section */
		A10B44581E94675100D4517B /* Main.storyboard in Resources */ = {isa = PBXBuildFile; fileRef = A10B44561E94675100D4517B /* Main.storyboard */; };
		A10B445A1E94675100D4517B /* Assets.xcassets in Resources */ = {isa = PBXBuildFile; fileRef = A10B44591E94675100D4517B /* Assets.xcassets */; };
		A10B445D1E94675100D4517B /* LaunchScreen.storyboard in Resources */ = {isa = PBXBuildFile; fileRef = A10B445B1E94675100D4517B /* LaunchScreen.storyboard */; };
		A12EE36C1EA80104004B0664 /* AppDelegate.m in Sources */ = {isa = PBXBuildFile; fileRef = A10B44511E94675100D4517B /* AppDelegate.m */; };
		A12EE36D1EA8010A004B0664 /* CreateStatementViewController.m in Sources */ = {isa = PBXBuildFile; fileRef = A10B44541E94675100D4517B /* CreateStatementViewController.m */; };
		A12EE3701EA80118004B0664 /* main.m in Sources */ = {isa = PBXBuildFile; fileRef = A10B444E1E94675100D4517B /* main.m */; };
		A12EE3711EA80151004B0664 /* DataModel.xcdatamodeld in Sources */ = {isa = PBXBuildFile; fileRef = A1DD3C2E1EA1377E00A21F3D /* DataModel.xcdatamodeld */; };
		A18675BA1EB3A83400535E68 /* Statement+CoreDataClass.m in Sources */ = {isa = PBXBuildFile; fileRef = A18675B71EB3A83400535E68 /* Statement+CoreDataClass.m */; };
		A18675BB1EB3A83400535E68 /* Statement+CoreDataProperties.m in Sources */ = {isa = PBXBuildFile; fileRef = A18675B91EB3A83400535E68 /* Statement+CoreDataProperties.m */; };
		A18675BE1EB3B55000535E68 /* StatementDetailsViewController.m in Sources */ = {isa = PBXBuildFile; fileRef = A18675BD1EB3B55000535E68 /* StatementDetailsViewController.m */; };
		A1D0A9A61EB267720007C584 /* StatementCustomCell.m in Sources */ = {isa = PBXBuildFile; fileRef = A1D0A9A51EB267720007C584 /* StatementCustomCell.m */; };
		A1DD3C391EA141FF00A21F3D /* CoreData.framework in Frameworks */ = {isa = PBXBuildFile; fileRef = A1DD3C381EA141FF00A21F3D /* CoreData.framework */; };
/* End PBXBuildFile section */

/* Begin PBXFileReference section */
		A10B444A1E94675100D4517B /* statement.app */ = {isa = PBXFileReference; explicitFileType = wrapper.application; includeInIndex = 0; path = statement.app; sourceTree = BUILT_PRODUCTS_DIR; };
		A10B444E1E94675100D4517B /* main.m */ = {isa = PBXFileReference; lastKnownFileType = sourcecode.c.objc; path = main.m; sourceTree = "<group>"; };
		A10B44501E94675100D4517B /* AppDelegate.h */ = {isa = PBXFileReference; lastKnownFileType = sourcecode.c.h; path = AppDelegate.h; sourceTree = "<group>"; };
		A10B44511E94675100D4517B /* AppDelegate.m */ = {isa = PBXFileReference; lastKnownFileType = sourcecode.c.objc; path = AppDelegate.m; sourceTree = "<group>"; };
		A10B44531E94675100D4517B /* CreateStatementViewController.h */ = {isa = PBXFileReference; lastKnownFileType = sourcecode.c.h; path = CreateStatementViewController.h; sourceTree = "<group>"; };
		A10B44541E94675100D4517B /* CreateStatementViewController.m */ = {isa = PBXFileReference; lastKnownFileType = sourcecode.c.objc; path = CreateStatementViewController.m; sourceTree = "<group>"; };
		A10B44571E94675100D4517B /* Base */ = {isa = PBXFileReference; lastKnownFileType = file.storyboard; name = Base; path = Base.lproj/Main.storyboard; sourceTree = "<group>"; };
		A10B44591E94675100D4517B /* Assets.xcassets */ = {isa = PBXFileReference; lastKnownFileType = folder.assetcatalog; path = Assets.xcassets; sourceTree = "<group>"; };
		A10B445C1E94675100D4517B /* Base */ = {isa = PBXFileReference; lastKnownFileType = file.storyboard; name = Base; path = Base.lproj/LaunchScreen.storyboard; sourceTree = "<group>"; };
		A10B445E1E94675100D4517B /* Info.plist */ = {isa = PBXFileReference; lastKnownFileType = text.plist.xml; path = Info.plist; sourceTree = "<group>"; };
		A18675B61EB3A83400535E68 /* Statement+CoreDataClass.h */ = {isa = PBXFileReference; fileEncoding = 4; lastKnownFileType = sourcecode.c.h; path = "Statement+CoreDataClass.h"; sourceTree = "<group>"; };
		A18675B71EB3A83400535E68 /* Statement+CoreDataClass.m */ = {isa = PBXFileReference; fileEncoding = 4; lastKnownFileType = sourcecode.c.objc; path = "Statement+CoreDataClass.m"; sourceTree = "<group>"; };
		A18675B81EB3A83400535E68 /* Statement+CoreDataProperties.h */ = {isa = PBXFileReference; fileEncoding = 4; lastKnownFileType = sourcecode.c.h; path = "Statement+CoreDataProperties.h"; sourceTree = "<group>"; };
		A18675B91EB3A83400535E68 /* Statement+CoreDataProperties.m */ = {isa = PBXFileReference; fileEncoding = 4; lastKnownFileType = sourcecode.c.objc; path = "Statement+CoreDataProperties.m"; sourceTree = "<group>"; };
		A18675BC1EB3B55000535E68 /* StatementDetailsViewController.h */ = {isa = PBXFileReference; fileEncoding = 4; lastKnownFileType = sourcecode.c.h; path = StatementDetailsViewController.h; sourceTree = "<group>"; };
		A18675BD1EB3B55000535E68 /* StatementDetailsViewController.m */ = {isa = PBXFileReference; fileEncoding = 4; lastKnownFileType = sourcecode.c.objc; path = StatementDetailsViewController.m; sourceTree = "<group>"; };
		A1D0A9A41EB267720007C584 /* StatementCustomCell.h */ = {isa = PBXFileReference; fileEncoding = 4; lastKnownFileType = sourcecode.c.h; path = StatementCustomCell.h; sourceTree = "<group>"; };
		A1D0A9A51EB267720007C584 /* StatementCustomCell.m */ = {isa = PBXFileReference; fileEncoding = 4; lastKnownFileType = sourcecode.c.objc; path = StatementCustomCell.m; sourceTree = "<group>"; };
		A1DD3C2F1EA1377E00A21F3D /* DataModel.xcdatamodel */ = {isa = PBXFileReference; lastKnownFileType = wrapper.xcdatamodel; path = DataModel.xcdatamodel; sourceTree = "<group>"; };
		A1DD3C381EA141FF00A21F3D /* CoreData.framework */ = {isa = PBXFileReference; lastKnownFileType = wrapper.framework; name = CoreData.framework; path = System/Library/Frameworks/CoreData.framework; sourceTree = SDKROOT; };
/* End PBXFileReference section */

/* Begin PBXFrameworksBuildPhase section */
		A10B44471E94675100D4517B /* Frameworks */ = {
			isa = PBXFrameworksBuildPhase;
			buildActionMask = 2147483647;
			files = (
				A1DD3C391EA141FF00A21F3D /* CoreData.framework in Frameworks */,
			);
			runOnlyForDeploymentPostprocessing = 0;
		};
/* End PBXFrameworksBuildPhase section */

/* Begin PBXGroup section */
		A10B44411E94675100D4517B = {
			isa = PBXGroup;
			children = (
				A10B444C1E94675100D4517B /* statement */,
				A10B444B1E94675100D4517B /* Products */,
				A1DD3C371EA141FF00A21F3D /* Frameworks */,
			);
			sourceTree = "<group>";
		};
		A10B444B1E94675100D4517B /* Products */ = {
			isa = PBXGroup;
			children = (
				A10B444A1E94675100D4517B /* statement.app */,
			);
			name = Products;
			sourceTree = "<group>";
		};
		A10B444C1E94675100D4517B /* statement */ = {
			isa = PBXGroup;
			children = (
				A10B44501E94675100D4517B /* AppDelegate.h */,
				A10B44511E94675100D4517B /* AppDelegate.m */,
				A1DD3C331EA137A800A21F3D /* Controller */,
				A1DD3C321EA1379700A21F3D /* View */,
				A1DD3C311EA1378A00A21F3D /* Model */,
				A10B445B1E94675100D4517B /* LaunchScreen.storyboard */,
				A10B445E1E94675100D4517B /* Info.plist */,
				A10B444D1E94675100D4517B /* Supporting Files */,
			);
			path = statement;
			sourceTree = "<group>";
		};
		A10B444D1E94675100D4517B /* Supporting Files */ = {
			isa = PBXGroup;
			children = (
				A10B444E1E94675100D4517B /* main.m */,
			);
			name = "Supporting Files";
			sourceTree = "<group>";
		};
		A1DD3C311EA1378A00A21F3D /* Model */ = {
			isa = PBXGroup;
			children = (
				A1DD3C2E1EA1377E00A21F3D /* DataModel.xcdatamodeld */,
				A18675B61EB3A83400535E68 /* Statement+CoreDataClass.h */,
				A18675B71EB3A83400535E68 /* Statement+CoreDataClass.m */,
				A18675B81EB3A83400535E68 /* Statement+CoreDataProperties.h */,
				A18675B91EB3A83400535E68 /* Statement+CoreDataProperties.m */,
			);
			name = Model;
			sourceTree = "<group>";
		};
		A1DD3C321EA1379700A21F3D /* View */ = {
			isa = PBXGroup;
			children = (
				A10B44561E94675100D4517B /* Main.storyboard */,
				A10B44591E94675100D4517B /* Assets.xcassets */,
			);
			name = View;
			sourceTree = "<group>";
		};
		A1DD3C331EA137A800A21F3D /* Controller */ = {
			isa = PBXGroup;
			children = (
				A10B44531E94675100D4517B /* CreateStatementViewController.h */,
				A10B44541E94675100D4517B /* CreateStatementViewController.m */,
				A18675BC1EB3B55000535E68 /* StatementDetailsViewController.h */,
				A18675BD1EB3B55000535E68 /* StatementDetailsViewController.m */,
				A1D0A9A41EB267720007C584 /* StatementCustomCell.h */,
				A1D0A9A51EB267720007C584 /* StatementCustomCell.m */,
			);
			name = Controller;
			sourceTree = "<group>";
		};
		A1DD3C371EA141FF00A21F3D /* Frameworks */ = {
			isa = PBXGroup;
			children = (
				A1DD3C381EA141FF00A21F3D /* CoreData.framework */,
			);
			name = Frameworks;
			sourceTree = "<group>";
		};
/* End PBXGroup section */

/* Begin PBXNativeTarget section */
		A10B44491E94675100D4517B /* statement */ = {
			isa = PBXNativeTarget;
			buildConfigurationList = A10B44771E94675200D4517B /* Build configuration list for PBXNativeTarget "statement" */;
			buildPhases = (
				A10B44461E94675100D4517B /* Sources */,
				A10B44471E94675100D4517B /* Frameworks */,
				A10B44481E94675100D4517B /* Resources */,
			);
			buildRules = (
			);
			dependencies = (
			);
			name = statement;
			productName = statement;
			productReference = A10B444A1E94675100D4517B /* statement.app */;
			productType = "com.apple.product-type.application";
		};
/* End PBXNativeTarget section */

/* Begin PBXProject section */
		A10B44421E94675100D4517B /* Project object */ = {
			isa = PBXProject;
			attributes = {
				LastUpgradeCheck = 0830;
				ORGANIZATIONNAME = "Alexander Kuhar";
				TargetAttributes = {
					A10B44491E94675100D4517B = {
						CreatedOnToolsVersion = 8.3;
						DevelopmentTeam = LE29QFVP9A;
						LastSwiftMigration = 0830;
						ProvisioningStyle = Automatic;
					};
				};
			};
			buildConfigurationList = A10B44451E94675100D4517B /* Build configuration list for PBXProject "statement" */;
			compatibilityVersion = "Xcode 3.2";
			developmentRegion = English;
			hasScannedForEncodings = 0;
			knownRegions = (
				en,
				Base,
			);
			mainGroup = A10B44411E94675100D4517B;
			productRefGroup = A10B444B1E94675100D4517B /* Products */;
			projectDirPath = "";
			projectRoot = "";
			targets = (
				A10B44491E94675100D4517B /* statement */,
			);
		};
/* End PBXProject section */

/* Begin PBXResourcesBuildPhase section */
		A10B44481E94675100D4517B /* Resources */ = {
			isa = PBXResourcesBuildPhase;
			buildActionMask = 2147483647;
			files = (
				A10B445D1E94675100D4517B /* LaunchScreen.storyboard in Resources */,
				A10B445A1E94675100D4517B /* Assets.xcassets in Resources */,
				A10B44581E94675100D4517B /* Main.storyboard in Resources */,
			);
			runOnlyForDeploymentPostprocessing = 0;
		};
/* End PBXResourcesBuildPhase section */

/* Begin PBXSourcesBuildPhase section */
		A10B44461E94675100D4517B /* Sources */ = {
			isa = PBXSourcesBuildPhase;
			buildActionMask = 2147483647;
			files = (
				A18675BB1EB3A83400535E68 /* Statement+CoreDataProperties.m in Sources */,
				A12EE3711EA80151004B0664 /* DataModel.xcdatamodeld in Sources */,
				A18675BE1EB3B55000535E68 /* StatementDetailsViewController.m in Sources */,
				A18675BA1EB3A83400535E68 /* Statement+CoreDataClass.m in Sources */,
				A1D0A9A61EB267720007C584 /* StatementCustomCell.m in Sources */,
				A12EE3701EA80118004B0664 /* main.m in Sources */,
				A12EE36D1EA8010A004B0664 /* CreateStatementViewController.m in Sources */,
				A12EE36C1EA80104004B0664 /* AppDelegate.m in Sources */,
			);
			runOnlyForDeploymentPostprocessing = 0;
		};
/* End PBXSourcesBuildPhase section */

/* Begin PBXVariantGroup section */
		A10B44561E94675100D4517B /* Main.storyboard */ = {
			isa = PBXVariantGroup;
			children = (
				A10B44571E94675100D4517B /* Base */,
			);
			name = Main.storyboard;
			sourceTree = "<group>";
		};
		A10B445B1E94675100D4517B /* LaunchScreen.storyboard */ = {
			isa = PBXVariantGroup;
			children = (
				A10B445C1E94675100D4517B /* Base */,
			);
			name = LaunchScreen.storyboard;
			sourceTree = "<group>";
		};
/* End PBXVariantGroup section */

/* Begin XCBuildConfiguration section */
		A10B44751E94675200D4517B /* Debug */ = {
			isa = XCBuildConfiguration;
			buildSettings = {
				ALWAYS_SEARCH_USER_PATHS = NO;
				CLANG_ANALYZER_NONNULL = YES;
				CLANG_ANALYZER_NUMBER_OBJECT_CONVERSION = YES_AGGRESSIVE;
				CLANG_CXX_LANGUAGE_STANDARD = "gnu++0x";
				CLANG_CXX_LIBRARY = "libc++";
				CLANG_ENABLE_MODULES = YES;
				CLANG_ENABLE_OBJC_ARC = YES;
				CLANG_WARN_BOOL_CONVERSION = YES;
				CLANG_WARN_CONSTANT_CONVERSION = YES;
				CLANG_WARN_DIRECT_OBJC_ISA_USAGE = YES_ERROR;
				CLANG_WARN_DOCUMENTATION_COMMENTS = YES;
				CLANG_WARN_EMPTY_BODY = YES;
				CLANG_WARN_ENUM_CONVERSION = YES;
				CLANG_WARN_INFINITE_RECURSION = YES;
				CLANG_WARN_INT_CONVERSION = YES;
				CLANG_WARN_OBJC_ROOT_CLASS = YES_ERROR;
				CLANG_WARN_SUSPICIOUS_MOVE = YES;
				CLANG_WARN_UNREACHABLE_CODE = YES;
				CLANG_WARN__DUPLICATE_METHOD_MATCH = YES;
				"CODE_SIGN_IDENTITY[sdk=iphoneos*]" = "iPhone Developer";
				COPY_PHASE_STRIP = NO;
				DEBUG_INFORMATION_FORMAT = dwarf;
				ENABLE_STRICT_OBJC_MSGSEND = YES;
				ENABLE_TESTABILITY = YES;
				GCC_C_LANGUAGE_STANDARD = gnu99;
				GCC_DYNAMIC_NO_PIC = NO;
				GCC_NO_COMMON_BLOCKS = YES;
				GCC_OPTIMIZATION_LEVEL = 0;
				GCC_PREPROCESSOR_DEFINITIONS = (
					"DEBUG=1",
					"$(inherited)",
				);
				GCC_WARN_64_TO_32_BIT_CONVERSION = YES;
				GCC_WARN_ABOUT_RETURN_TYPE = YES_ERROR;
				GCC_WARN_UNDECLARED_SELECTOR = YES;
				GCC_WARN_UNINITIALIZED_AUTOS = YES_AGGRESSIVE;
				GCC_WARN_UNUSED_FUNCTION = YES;
				GCC_WARN_UNUSED_VARIABLE = YES;
				IPHONEOS_DEPLOYMENT_TARGET = 10.3;
				MTL_ENABLE_DEBUG_INFO = YES;
				ONLY_ACTIVE_ARCH = YES;
				SDKROOT = iphoneos;
				TARGETED_DEVICE_FAMILY = "1,2";
			};
			name = Debug;
		};
		A10B44761E94675200D4517B /* Release */ = {
			isa = XCBuildConfiguration;
			buildSettings = {
				ALWAYS_SEARCH_USER_PATHS = NO;
				CLANG_ANALYZER_NONNULL = YES;
				CLANG_ANALYZER_NUMBER_OBJECT_CONVERSION = YES_AGGRESSIVE;
				CLANG_CXX_LANGUAGE_STANDARD = "gnu++0x";
				CLANG_CXX_LIBRARY = "libc++";
				CLANG_ENABLE_MODULES = YES;
				CLANG_ENABLE_OBJC_ARC = YES;
				CLANG_WARN_BOOL_CONVERSION = YES;
				CLANG_WARN_CONSTANT_CONVERSION = YES;
				CLANG_WARN_DIRECT_OBJC_ISA_USAGE = YES_ERROR;
				CLANG_WARN_DOCUMENTATION_COMMENTS = YES;
				CLANG_WARN_EMPTY_BODY = YES;
				CLANG_WARN_ENUM_CONVERSION = YES;
				CLANG_WARN_INFINITE_RECURSION = YES;
				CLANG_WARN_INT_CONVERSION = YES;
				CLANG_WARN_OBJC_ROOT_CLASS = YES_ERROR;
				CLANG_WARN_SUSPICIOUS_MOVE = YES;
				CLANG_WARN_UNREACHABLE_CODE = YES;
				CLANG_WARN__DUPLICATE_METHOD_MATCH = YES;
				"CODE_SIGN_IDENTITY[sdk=iphoneos*]" = "iPhone Developer";
				COPY_PHASE_STRIP = NO;
				DEBUG_INFORMATION_FORMAT = "dwarf-with-dsym";
				ENABLE_NS_ASSERTIONS = NO;
				ENABLE_STRICT_OBJC_MSGSEND = YES;
				GCC_C_LANGUAGE_STANDARD = gnu99;
				GCC_NO_COMMON_BLOCKS = YES;
				GCC_WARN_64_TO_32_BIT_CONVERSION = YES;
				GCC_WARN_ABOUT_RETURN_TYPE = YES_ERROR;
				GCC_WARN_UNDECLARED_SELECTOR = YES;
				GCC_WARN_UNINITIALIZED_AUTOS = YES_AGGRESSIVE;
				GCC_WARN_UNUSED_FUNCTION = YES;
				GCC_WARN_UNUSED_VARIABLE = YES;
				IPHONEOS_DEPLOYMENT_TARGET = 10.3;
				MTL_ENABLE_DEBUG_INFO = NO;
				SDKROOT = iphoneos;
				TARGETED_DEVICE_FAMILY = "1,2";
				VALIDATE_PRODUCT = YES;
			};
			name = Release;
		};
		A10B44781E94675200D4517B /* Debug */ = {
			isa = XCBuildConfiguration;
			buildSettings = {
				ASSETCATALOG_COMPILER_APPICON_NAME = AppIcon;
				CLANG_ENABLE_MODULES = YES;
				DEVELOPMENT_TEAM = LE29QFVP9A;
				GCC_NO_COMMON_BLOCKS = YES;
				INFOPLIST_FILE = statement/Info.plist;
				LD_RUNPATH_SEARCH_PATHS = "$(inherited) @executable_path/Frameworks";
				PRODUCT_BUNDLE_IDENTIFIER = "kuh-korp.statement";
				PRODUCT_NAME = "$(TARGET_NAME)";
				SWIFT_OBJC_BRIDGING_HEADER = "statement-Bridging-Header.h";
				SWIFT_OPTIMIZATION_LEVEL = "-Onone";
				SWIFT_VERSION = 3.0;
			};
			name = Debug;
		};
		A10B44791E94675200D4517B /* Release */ = {
			isa = XCBuildConfiguration;
			buildSettings = {
				ASSETCATALOG_COMPILER_APPICON_NAME = AppIcon;
				CLANG_ENABLE_MODULES = YES;
				DEVELOPMENT_TEAM = LE29QFVP9A;
				GCC_NO_COMMON_BLOCKS = YES;
				INFOPLIST_FILE = statement/Info.plist;
				LD_RUNPATH_SEARCH_PATHS = "$(inherited) @executable_path/Frameworks";
				PRODUCT_BUNDLE_IDENTIFIER = "kuh-korp.statement";
				PRODUCT_NAME = "$(TARGET_NAME)";
				SWIFT_OBJC_BRIDGING_HEADER = "statement-Bridging-Header.h";
				SWIFT_VERSION = 3.0;
			};
			name = Release;
		};
/* End XCBuildConfiguration section */

/* Begin XCConfigurationList section */
		A10B44451E94675100D4517B /* Build configuration list for PBXProject "statement" */ = {
			isa = XCConfigurationList;
			buildConfigurations = (
				A10B44751E94675200D4517B /* Debug */,
				A10B44761E94675200D4517B /* Release */,
			);
			defaultConfigurationIsVisible = 0;
			defaultConfigurationName = Release;
		};
		A10B44771E94675200D4517B /* Build configuration list for PBXNativeTarget "statement" */ = {
			isa = XCConfigurationList;
			buildConfigurations = (
				A10B44781E94675200D4517B /* Debug */,
				A10B44791E94675200D4517B /* Release */,
			);
			defaultConfigurationIsVisible = 0;
			defaultConfigurationName = Release;
		};
/* End XCConfigurationList section */

/* Begin XCVersionGroup section */
		A1DD3C2E1EA1377E00A21F3D /* DataModel.xcdatamodeld */ = {
			isa = XCVersionGroup;
			children = (
				A1DD3C2F1EA1377E00A21F3D /* DataModel.xcdatamodel */,
			);
			currentVersion = A1DD3C2F1EA1377E00A21F3D /* DataModel.xcdatamodel */;
			path = DataModel.xcdatamodeld;
			sourceTree = "<group>";
			versionGroupType = wrapper.xcdatamodel;
		};
/* End XCVersionGroup section */
	};
	rootObject = A10B44421E94675100D4517B /* Project object */;
}
